
Microsoft Visual Studio Solution File, Format Version 12.00
# Visual Studio Version 17
VisualStudioVersion = 17.9.34723.18
MinimumVisualStudioVersion = 10.0.40219.1
Project("{FAE04EC0-301F-11D3-BF4B-00C04F79EFBC}") = "AddTableAndColumns", "AddTableAndColumns\AddTableAndColumns.csproj", "{F9D703CF-A373-4318-B1BA-5FE6735E16F1}"
EndProject
Project("{FAE04EC0-301F-11D3-BF4B-00C04F79EFBC}") = "SQLiteDBAccess", "SQLiteDBAccess\SQLiteDBAccess.csproj", "{FB3E6FF8-1A15-43F6-91E0-A1187499F7EE}"
EndProject
Global
	GlobalSection(SolutionConfigurationPlatforms) = preSolution
		Debug|Any CPU = Debug|Any CPU
		Release|Any CPU = Release|Any CPU
	EndGlobalSection
	GlobalSection(ProjectConfigurationPlatforms) = postSolution
		{F9D703CF-A373-4318-B1BA-5FE6735E16F1}.Debug|Any CPU.ActiveCfg = Debug|Any CPU
		{F9D703CF-A373-4318-B1BA-5FE6735E16F1}.Debug|Any CPU.Build.0 = Debug|Any CPU
		{F9D703CF-A373-4318-B1BA-5FE6735E16F1}.Release|Any CPU.ActiveCfg = Release|Any CPU
		{F9D703CF-A373-4318-B1BA-5FE6735E16F1}.Release|Any CPU.Build.0 = Release|Any CPU
		{FB3E6FF8-1A15-43F6-91E0-A1187499F7EE}.Debug|Any CPU.ActiveCfg = Debug|Any CPU
		{FB3E6FF8-1A15-43F6-91E0-A1187499F7EE}.Debug|Any CPU.Build.0 = Debug|Any CPU
		{FB3E6FF8-1A15-43F6-91E0-A1187499F7EE}.Release|Any CPU.ActiveCfg = Release|Any CPU
		{FB3E6FF8-1A15-43F6-91E0-A1187499F7EE}.Release|Any CPU.Build.0 = Release|Any CPU
	EndGlobalSection
	GlobalSection(SolutionProperties) = preSolution
		HideSolutionNode = FALSE
	EndGlobalSection
	GlobalSection(ExtensibilityGlobals) = postSolution
		SolutionGuid = {C80F321F-DA8F-423D-9319-89DF19EF0875}
	EndGlobalSection
EndGlobal
